
Microsoft Visual Studio Solution File, Format Version 12.00
# Visual Studio 15
VisualStudioVersion = 15.0.27004.2010
MinimumVisualStudioVersion = 10.0.40219.1
Project("{2150E333-8FDC-42A3-9474-1A3956D46DE8}") = "source", "source", "{56123580-99E9-45AC-8300-ABF8EE1D021E}"
EndProject
Project("{FAE04EC0-301F-11D3-BF4B-00C04F79EFBC}") = "HolisticWare_Core_Math_Intervals.Sample.XamarinAndroid.UITests", "HolisticWare_Core_Math_Intervals.Sample.XamarinAndroid.UITests\HolisticWare_Core_Math_Intervals.Sample.XamarinAndroid.UITests.csproj", "{29133B17-944F-495D-B267-DB2B1922D6C4}"
EndProject
Project("{2150E333-8FDC-42A3-9474-1A3956D46DE8}") = "tests", "tests", "{F413C3C6-135B-4C3A-B184-75E384D1B176}"
EndProject
Project("{2150E333-8FDC-42A3-9474-1A3956D46DE8}") = "unit-tests", "unit-tests", "{BD91CBF8-179D-40F9-9B36-36C4CA5E79E2}"
EndProject
Project("{2150E333-8FDC-42A3-9474-1A3956D46DE8}") = "ui-tests", "ui-tests", "{CBE1664F-9157-42A6-902E-0E7C3B1447FF}"
EndProject
Project("{FAE04EC0-301F-11D3-BF4B-00C04F79EFBC}") = "HolisticWare_Core_Math_Intervals.Sample.XamarinIOS.UITests", "HolisticWare_Core_Math_Intervals.Sample.XamarinIOS.UITests\HolisticWare_Core_Math_Intervals.Sample.XamarinIOS.UITests.csproj", "{9F11FC35-4677-481B-8A9B-7A8AAFF7582A}"
EndProject
Project("{9A19103F-16F7-4668-BE54-9A1E7A4F7556}") = "HolisticWare_Core_Math_Intervals.NetStandard10", "..\..\source\HolisticWare_Core_Math_Intervals.NetStandard10\HolisticWare_Core_Math_Intervals.NetStandard10.csproj", "{0AEA6F73-AEC9-473E-8911-C140FEA830EC}"
EndProject
Project("{FAE04EC0-301F-11D3-BF4B-00C04F79EFBC}") = "HolisticWare_Core_Math_Intervals.Bindings.XamarinIOS", "..\..\source\HolisticWare_Core_Math_Intervals.Bindings.XamarinIOS\HolisticWare_Core_Math_Intervals.Bindings.XamarinIOS.csproj", "{A302C10B-9D35-43EF-9CAB-534635EFCB29}"
EndProject
Project("{FAE04EC0-301F-11D3-BF4B-00C04F79EFBC}") = "HolisticWare_Core_Math_Intervals.Bindings.XamarinAndroid", "..\..\source\HolisticWare_Core_Math_Intervals.Bindings.XamarinAndroid\HolisticWare_Core_Math_Intervals.Bindings.XamarinAndroid.csproj", "{3B2F3600-2E97-4E26-B3D4-86FCCD707E9B}"
EndProject
Project("{9A19103F-16F7-4668-BE54-9A1E7A4F7556}") = "HolisticWare_Core_Math_Intervals.Bindings.NetStandard10", "..\..\source\HolisticWare_Core_Math_Intervals.Bindings.NetStandard10\HolisticWare_Core_Math_Intervals.Bindings.NetStandard10.csproj", "{191CD6CA-E422-42A7-AD04-F3E731A9F553}"
EndProject
Project("{FAE04EC0-301F-11D3-BF4B-00C04F79EFBC}") = "HolisticWare_Core_Math_Intervals.XamarinIOS", "..\..\source\HolisticWare_Core_Math_Intervals.XamarinIOS\HolisticWare_Core_Math_Intervals.XamarinIOS.csproj", "{0FA4E7C0-318F-4515-AFA4-613FF3A296CB}"
EndProject
Project("{FAE04EC0-301F-11D3-BF4B-00C04F79EFBC}") = "HolisticWare_Core_Math_Intervals.XamarinAndroid", "..\..\source\HolisticWare_Core_Math_Intervals.XamarinAndroid\HolisticWare_Core_Math_Intervals.XamarinAndroid.csproj", "{BF701D87-B10A-40DB-B5FE-B4DA1B67139C}"
EndProject
Project("{D954291E-2A0B-460D-934E-DC6B0785DB48}") = "HolisticWare_Core_Math_Intervals.Common.Shared", "..\..\source\HolisticWare_Core_Math_Intervals.Common.Shared\HolisticWare_Core_Math_Intervals.Common.Shared.shproj", "{FED5275D-B937-4065-9A08-C17B2D704A14}"
EndProject
Global
	GlobalSection(SharedMSBuildProjectFiles) = preSolution
		..\..\source\HolisticWare_Core_Math_Intervals.Common.Shared\HolisticWare_Core_Math_Intervals.Common.Shared.projitems*{0fa4e7c0-318f-4515-afa4-613ff3a296cb}*SharedItemsImports = 4
		..\..\source\HolisticWare_Core_Math_Intervals.Common.Shared\HolisticWare_Core_Math_Intervals.Common.Shared.projitems*{3B2F3600-2E97-4E26-B3D4-86FCCD707E9B}*SharedItemsImports = 4
		..\..\source\HolisticWare_Core_Math_Intervals.Common.Shared\HolisticWare_Core_Math_Intervals.Common.Shared.projitems*{A302C10B-9D35-43EF-9CAB-534635EFCB29}*SharedItemsImports = 4
		..\..\source\HolisticWare_Core_Math_Intervals.Common.Shared\HolisticWare_Core_Math_Intervals.Common.Shared.projitems*{bf701d87-b10a-40db-b5fe-b4da1b67139c}*SharedItemsImports = 4
		..\..\source\HolisticWare_Core_Math_Intervals.Common.Shared\HolisticWare_Core_Math_Intervals.Common.Shared.projitems*{fed5275d-b937-4065-9a08-c17b2d704a14}*SharedItemsImports = 13
	EndGlobalSection
	GlobalSection(SolutionConfigurationPlatforms) = preSolution
		Debug|Any CPU = Debug|Any CPU
		Debug|iPhone = Debug|iPhone
		Debug|iPhoneSimulator = Debug|iPhoneSimulator
		Release|Any CPU = Release|Any CPU
		Release|iPhone = Release|iPhone
		Release|iPhoneSimulator = Release|iPhoneSimulator
	EndGlobalSection
	GlobalSection(ProjectConfigurationPlatforms) = postSolution
		{29133B17-944F-495D-B267-DB2B1922D6C4}.Debug|Any CPU.ActiveCfg = Debug|Any CPU
		{29133B17-944F-495D-B267-DB2B1922D6C4}.Debug|Any CPU.Build.0 = Debug|Any CPU
		{29133B17-944F-495D-B267-DB2B1922D6C4}.Debug|iPhone.ActiveCfg = Debug|Any CPU
		{29133B17-944F-495D-B267-DB2B1922D6C4}.Debug|iPhone.Build.0 = Debug|Any CPU
		{29133B17-944F-495D-B267-DB2B1922D6C4}.Debug|iPhoneSimulator.ActiveCfg = Debug|Any CPU
		{29133B17-944F-495D-B267-DB2B1922D6C4}.Debug|iPhoneSimulator.Build.0 = Debug|Any CPU
		{29133B17-944F-495D-B267-DB2B1922D6C4}.Release|Any CPU.ActiveCfg = Release|Any CPU
		{29133B17-944F-495D-B267-DB2B1922D6C4}.Release|Any CPU.Build.0 = Release|Any CPU
		{29133B17-944F-495D-B267-DB2B1922D6C4}.Release|iPhone.ActiveCfg = Release|Any CPU
		{29133B17-944F-495D-B267-DB2B1922D6C4}.Release|iPhone.Build.0 = Release|Any CPU
		{29133B17-944F-495D-B267-DB2B1922D6C4}.Release|iPhoneSimulator.ActiveCfg = Release|Any CPU
		{29133B17-944F-495D-B267-DB2B1922D6C4}.Release|iPhoneSimulator.Build.0 = Release|Any CPU
		{9F11FC35-4677-481B-8A9B-7A8AAFF7582A}.Debug|Any CPU.ActiveCfg = Debug|Any CPU
		{9F11FC35-4677-481B-8A9B-7A8AAFF7582A}.Debug|Any CPU.Build.0 = Debug|Any CPU
		{9F11FC35-4677-481B-8A9B-7A8AAFF7582A}.Debug|iPhone.ActiveCfg = Debug|Any CPU
		{9F11FC35-4677-481B-8A9B-7A8AAFF7582A}.Debug|iPhone.Build.0 = Debug|Any CPU
		{9F11FC35-4677-481B-8A9B-7A8AAFF7582A}.Debug|iPhoneSimulator.ActiveCfg = Debug|Any CPU
		{9F11FC35-4677-481B-8A9B-7A8AAFF7582A}.Debug|iPhoneSimulator.Build.0 = Debug|Any CPU
		{9F11FC35-4677-481B-8A9B-7A8AAFF7582A}.Release|Any CPU.ActiveCfg = Release|Any CPU
		{9F11FC35-4677-481B-8A9B-7A8AAFF7582A}.Release|Any CPU.Build.0 = Release|Any CPU
		{9F11FC35-4677-481B-8A9B-7A8AAFF7582A}.Release|iPhone.ActiveCfg = Release|Any CPU
		{9F11FC35-4677-481B-8A9B-7A8AAFF7582A}.Release|iPhone.Build.0 = Release|Any CPU
		{9F11FC35-4677-481B-8A9B-7A8AAFF7582A}.Release|iPhoneSimulator.ActiveCfg = Release|Any CPU
		{9F11FC35-4677-481B-8A9B-7A8AAFF7582A}.Release|iPhoneSimulator.Build.0 = Release|Any CPU
		{0AEA6F73-AEC9-473E-8911-C140FEA830EC}.Debug|Any CPU.ActiveCfg = Debug|Any CPU
		{0AEA6F73-AEC9-473E-8911-C140FEA830EC}.Debug|Any CPU.Build.0 = Debug|Any CPU
		{0AEA6F73-AEC9-473E-8911-C140FEA830EC}.Debug|iPhone.ActiveCfg = Debug|Any CPU
		{0AEA6F73-AEC9-473E-8911-C140FEA830EC}.Debug|iPhone.Build.0 = Debug|Any CPU
		{0AEA6F73-AEC9-473E-8911-C140FEA830EC}.Debug|iPhoneSimulator.ActiveCfg = Debug|Any CPU
		{0AEA6F73-AEC9-473E-8911-C140FEA830EC}.Debug|iPhoneSimulator.Build.0 = Debug|Any CPU
		{0AEA6F73-AEC9-473E-8911-C140FEA830EC}.Release|Any CPU.ActiveCfg = Release|Any CPU
		{0AEA6F73-AEC9-473E-8911-C140FEA830EC}.Release|Any CPU.Build.0 = Release|Any CPU
		{0AEA6F73-AEC9-473E-8911-C140FEA830EC}.Release|iPhone.ActiveCfg = Release|Any CPU
		{0AEA6F73-AEC9-473E-8911-C140FEA830EC}.Release|iPhone.Build.0 = Release|Any CPU
		{0AEA6F73-AEC9-473E-8911-C140FEA830EC}.Release|iPhoneSimulator.ActiveCfg = Release|Any CPU
		{0AEA6F73-AEC9-473E-8911-C140FEA830EC}.Release|iPhoneSimulator.Build.0 = Release|Any CPU
		{A302C10B-9D35-43EF-9CAB-534635EFCB29}.Debug|Any CPU.ActiveCfg = Debug|Any CPU
		{A302C10B-9D35-43EF-9CAB-534635EFCB29}.Debug|Any CPU.Build.0 = Debug|Any CPU
		{A302C10B-9D35-43EF-9CAB-534635EFCB29}.Debug|iPhone.ActiveCfg = Debug|Any CPU
		{A302C10B-9D35-43EF-9CAB-534635EFCB29}.Debug|iPhone.Build.0 = Debug|Any CPU
		{A302C10B-9D35-43EF-9CAB-534635EFCB29}.Debug|iPhoneSimulator.ActiveCfg = Debug|Any CPU
		{A302C10B-9D35-43EF-9CAB-534635EFCB29}.Debug|iPhoneSimulator.Build.0 = Debug|Any CPU
		{A302C10B-9D35-43EF-9CAB-534635EFCB29}.Release|Any CPU.ActiveCfg = Release|Any CPU
		{A302C10B-9D35-43EF-9CAB-534635EFCB29}.Release|Any CPU.Build.0 = Release|Any CPU
		{A302C10B-9D35-43EF-9CAB-534635EFCB29}.Release|iPhone.ActiveCfg = Release|Any CPU
		{A302C10B-9D35-43EF-9CAB-534635EFCB29}.Release|iPhone.Build.0 = Release|Any CPU
		{A302C10B-9D35-43EF-9CAB-534635EFCB29}.Release|iPhoneSimulator.ActiveCfg = Release|Any CPU
		{A302C10B-9D35-43EF-9CAB-534635EFCB29}.Release|iPhoneSimulator.Build.0 = Release|Any CPU
		{3B2F3600-2E97-4E26-B3D4-86FCCD707E9B}.Debug|Any CPU.ActiveCfg = Debug|Any CPU
		{3B2F3600-2E97-4E26-B3D4-86FCCD707E9B}.Debug|Any CPU.Build.0 = Debug|Any CPU
		{3B2F3600-2E97-4E26-B3D4-86FCCD707E9B}.Debug|iPhone.ActiveCfg = Debug|Any CPU
		{3B2F3600-2E97-4E26-B3D4-86FCCD707E9B}.Debug|iPhone.Build.0 = Debug|Any CPU
		{3B2F3600-2E97-4E26-B3D4-86FCCD707E9B}.Debug|iPhoneSimulator.ActiveCfg = Debug|Any CPU
		{3B2F3600-2E97-4E26-B3D4-86FCCD707E9B}.Debug|iPhoneSimulator.Build.0 = Debug|Any CPU
		{3B2F3600-2E97-4E26-B3D4-86FCCD707E9B}.Release|Any CPU.ActiveCfg = Release|Any CPU
		{3B2F3600-2E97-4E26-B3D4-86FCCD707E9B}.Release|Any CPU.Build.0 = Release|Any CPU
		{3B2F3600-2E97-4E26-B3D4-86FCCD707E9B}.Release|iPhone.ActiveCfg = Release|Any CPU
		{3B2F3600-2E97-4E26-B3D4-86FCCD707E9B}.Release|iPhone.Build.0 = Release|Any CPU
		{3B2F3600-2E97-4E26-B3D4-86FCCD707E9B}.Release|iPhoneSimulator.ActiveCfg = Release|Any CPU
		{3B2F3600-2E97-4E26-B3D4-86FCCD707E9B}.Release|iPhoneSimulator.Build.0 = Release|Any CPU
		{191CD6CA-E422-42A7-AD04-F3E731A9F553}.Debug|Any CPU.ActiveCfg = Debug|Any CPU
		{191CD6CA-E422-42A7-AD04-F3E731A9F553}.Debug|Any CPU.Build.0 = Debug|Any CPU
		{191CD6CA-E422-42A7-AD04-F3E731A9F553}.Debug|iPhone.ActiveCfg = Debug|Any CPU
		{191CD6CA-E422-42A7-AD04-F3E731A9F553}.Debug|iPhone.Build.0 = Debug|Any CPU
		{191CD6CA-E422-42A7-AD04-F3E731A9F553}.Debug|iPhoneSimulator.ActiveCfg = Debug|Any CPU
		{191CD6CA-E422-42A7-AD04-F3E731A9F553}.Debug|iPhoneSimulator.Build.0 = Debug|Any CPU
		{191CD6CA-E422-42A7-AD04-F3E731A9F553}.Release|Any CPU.ActiveCfg = Release|Any CPU
		{191CD6CA-E422-42A7-AD04-F3E731A9F553}.Release|Any CPU.Build.0 = Release|Any CPU
		{191CD6CA-E422-42A7-AD04-F3E731A9F553}.Release|iPhone.ActiveCfg = Release|Any CPU
		{191CD6CA-E422-42A7-AD04-F3E731A9F553}.Release|iPhone.Build.0 = Release|Any CPU
		{191CD6CA-E422-42A7-AD04-F3E731A9F553}.Release|iPhoneSimulator.ActiveCfg = Release|Any CPU
		{191CD6CA-E422-42A7-AD04-F3E731A9F553}.Release|iPhoneSimulator.Build.0 = Release|Any CPU
		{0FA4E7C0-318F-4515-AFA4-613FF3A296CB}.Debug|Any CPU.ActiveCfg = Debug|Any CPU
		{0FA4E7C0-318F-4515-AFA4-613FF3A296CB}.Debug|Any CPU.Build.0 = Debug|Any CPU
		{0FA4E7C0-318F-4515-AFA4-613FF3A296CB}.Debug|iPhone.ActiveCfg = Debug|Any CPU
		{0FA4E7C0-318F-4515-AFA4-613FF3A296CB}.Debug|iPhone.Build.0 = Debug|Any CPU
		{0FA4E7C0-318F-4515-AFA4-613FF3A296CB}.Debug|iPhoneSimulator.ActiveCfg = Debug|Any CPU
		{0FA4E7C0-318F-4515-AFA4-613FF3A296CB}.Debug|iPhoneSimulator.Build.0 = Debug|Any CPU
		{0FA4E7C0-318F-4515-AFA4-613FF3A296CB}.Release|Any CPU.ActiveCfg = Release|Any CPU
		{0FA4E7C0-318F-4515-AFA4-613FF3A296CB}.Release|Any CPU.Build.0 = Release|Any CPU
		{0FA4E7C0-318F-4515-AFA4-613FF3A296CB}.Release|iPhone.ActiveCfg = Release|Any CPU
		{0FA4E7C0-318F-4515-AFA4-613FF3A296CB}.Release|iPhone.Build.0 = Release|Any CPU
		{0FA4E7C0-318F-4515-AFA4-613FF3A296CB}.Release|iPhoneSimulator.ActiveCfg = Release|Any CPU
		{0FA4E7C0-318F-4515-AFA4-613FF3A296CB}.Release|iPhoneSimulator.Build.0 = Release|Any CPU
		{BF701D87-B10A-40DB-B5FE-B4DA1B67139C}.Debug|Any CPU.ActiveCfg = Debug|Any CPU
		{BF701D87-B10A-40DB-B5FE-B4DA1B67139C}.Debug|Any CPU.Build.0 = Debug|Any CPU
		{BF701D87-B10A-40DB-B5FE-B4DA1B67139C}.Debug|iPhone.ActiveCfg = Debug|Any CPU
		{BF701D87-B10A-40DB-B5FE-B4DA1B67139C}.Debug|iPhone.Build.0 = Debug|Any CPU
		{BF701D87-B10A-40DB-B5FE-B4DA1B67139C}.Debug|iPhoneSimulator.ActiveCfg = Debug|Any CPU
		{BF701D87-B10A-40DB-B5FE-B4DA1B67139C}.Debug|iPhoneSimulator.Build.0 = Debug|Any CPU
		{BF701D87-B10A-40DB-B5FE-B4DA1B67139C}.Release|Any CPU.ActiveCfg = Release|Any CPU
		{BF701D87-B10A-40DB-B5FE-B4DA1B67139C}.Release|Any CPU.Build.0 = Release|Any CPU
		{BF701D87-B10A-40DB-B5FE-B4DA1B67139C}.Release|iPhone.ActiveCfg = Release|Any CPU
		{BF701D87-B10A-40DB-B5FE-B4DA1B67139C}.Release|iPhone.Build.0 = Release|Any CPU
		{BF701D87-B10A-40DB-B5FE-B4DA1B67139C}.Release|iPhoneSimulator.ActiveCfg = Release|Any CPU
		{BF701D87-B10A-40DB-B5FE-B4DA1B67139C}.Release|iPhoneSimulator.Build.0 = Release|Any CPU
	EndGlobalSection
	GlobalSection(SolutionProperties) = preSolution
		HideSolutionNode = FALSE
	EndGlobalSection
	GlobalSection(NestedProjects) = preSolution
		{29133B17-944F-495D-B267-DB2B1922D6C4} = {CBE1664F-9157-42A6-902E-0E7C3B1447FF}
		{BD91CBF8-179D-40F9-9B36-36C4CA5E79E2} = {F413C3C6-135B-4C3A-B184-75E384D1B176}
		{CBE1664F-9157-42A6-902E-0E7C3B1447FF} = {F413C3C6-135B-4C3A-B184-75E384D1B176}
		{9F11FC35-4677-481B-8A9B-7A8AAFF7582A} = {CBE1664F-9157-42A6-902E-0E7C3B1447FF}
		{0AEA6F73-AEC9-473E-8911-C140FEA830EC} = {56123580-99E9-45AC-8300-ABF8EE1D021E}
		{A302C10B-9D35-43EF-9CAB-534635EFCB29} = {56123580-99E9-45AC-8300-ABF8EE1D021E}
		{3B2F3600-2E97-4E26-B3D4-86FCCD707E9B} = {56123580-99E9-45AC-8300-ABF8EE1D021E}
		{191CD6CA-E422-42A7-AD04-F3E731A9F553} = {56123580-99E9-45AC-8300-ABF8EE1D021E}
		{0FA4E7C0-318F-4515-AFA4-613FF3A296CB} = {56123580-99E9-45AC-8300-ABF8EE1D021E}
		{BF701D87-B10A-40DB-B5FE-B4DA1B67139C} = {56123580-99E9-45AC-8300-ABF8EE1D021E}
		{FED5275D-B937-4065-9A08-C17B2D704A14} = {56123580-99E9-45AC-8300-ABF8EE1D021E}
	EndGlobalSection
	GlobalSection(ExtensibilityGlobals) = postSolution
		SolutionGuid = {3B186B8F-71D0-495E-82FB-1F94F696FDFC}
	EndGlobalSection
EndGlobal
