
Microsoft Visual Studio Solution File, Format Version 12.00
# Visual Studio 15
VisualStudioVersion = 15.0.27130.2003
MinimumVisualStudioVersion = 10.0.40219.1
Project("{D954291E-2A0B-460D-934E-DC6B0785DB48}") = "UnitTests.HolisticWare.Core.Math.Intervals", "UnitTests.HolisticWare.Core.Math.Intervals\UnitTests.HolisticWare.Core.Math.Intervals.shproj", "{F029AA1F-74BC-463E-A6C3-559BC4BB2C53}"
EndProject
Project("{2150E333-8FDC-42A3-9474-1A3956D46DE8}") = "nunit", "nunit", "{F8D7CEC9-E8F5-4C79-99B6-9E08EE76E6B9}"
EndProject
Project("{2150E333-8FDC-42A3-9474-1A3956D46DE8}") = "xunit2", "xunit2", "{E128163A-E4A7-46D2-8F2B-CEFA6510E27E}"
EndProject
Project("{FAE04EC0-301F-11D3-BF4B-00C04F79EFBC}") = "UnitTests.NUnit.HolisticWare.Core.Math.Intervals", "nunit\UnitTests.NUnit.HolisticWare.Core.Math.Intervals\UnitTests.NUnit.HolisticWare.Core.Math.Intervals.csproj", "{E2089C46-E763-4E0F-B348-CE0C126825C0}"
EndProject
Project("{2150E333-8FDC-42A3-9474-1A3956D46DE8}") = "library-source", "library-source", "{C9723348-B983-46E8-B473-5BBDCDFF791E}"
EndProject
Project("{2150E333-8FDC-42A3-9474-1A3956D46DE8}") = "externals", "externals", "{C057D84D-8B5F-45B6-BB7A-F820B4B8D655}"
EndProject
Project("{2150E333-8FDC-42A3-9474-1A3956D46DE8}") = "externals", "externals", "{D8B98221-F1B1-4A39-95B2-8993745FCF7D}"
EndProject
Project("{9A19103F-16F7-4668-BE54-9A1E7A4F7556}") = "HolisticWare.Core.Math.Intervals.NetStandard10", "..\..\source\HolisticWare.Core.Math.Intervals.NetStandard10\HolisticWare.Core.Math.Intervals.NetStandard10.csproj", "{4390ACCD-C763-4A93-8A52-964484D38F41}"
EndProject
Project("{D954291E-2A0B-460D-934E-DC6B0785DB48}") = "HolisticWare.Core.Math.Intervals", "..\..\source\HolisticWare.Core.Math.Intervals\HolisticWare.Core.Math.Intervals.shproj", "{50A6E158-F8AC-4858-B3D0-DCF2630066C3}"
EndProject
Global
	GlobalSection(SharedMSBuildProjectFiles) = preSolution
		..\..\source\HolisticWare.Core.Math.Intervals\HolisticWare.Core.Math.Intervals.projitems*{50a6e158-f8ac-4858-b3d0-dcf2630066c3}*SharedItemsImports = 13
		UnitTests.HolisticWare.Core.Math.Intervals\UnitTests.HolisticWare.Core.Math.Intervals.projitems*{e2089c46-e763-4e0f-b348-ce0c126825c0}*SharedItemsImports = 4
		UnitTests.HolisticWare.Core.Math.Intervals\UnitTests.HolisticWare.Core.Math.Intervals.projitems*{f029aa1f-74bc-463e-a6c3-559bc4bb2c53}*SharedItemsImports = 13
	EndGlobalSection
	GlobalSection(SolutionConfigurationPlatforms) = preSolution
		Debug|Any CPU = Debug|Any CPU
		Debug|x64 = Debug|x64
		Debug|x86 = Debug|x86
		Release|Any CPU = Release|Any CPU
		Release|x64 = Release|x64
		Release|x86 = Release|x86
	EndGlobalSection
	GlobalSection(ProjectConfigurationPlatforms) = postSolution
		{E2089C46-E763-4E0F-B348-CE0C126825C0}.Debug|Any CPU.ActiveCfg = Debug|Any CPU
		{E2089C46-E763-4E0F-B348-CE0C126825C0}.Debug|Any CPU.Build.0 = Debug|Any CPU
		{E2089C46-E763-4E0F-B348-CE0C126825C0}.Debug|x64.ActiveCfg = Debug|Any CPU
		{E2089C46-E763-4E0F-B348-CE0C126825C0}.Debug|x64.Build.0 = Debug|Any CPU
		{E2089C46-E763-4E0F-B348-CE0C126825C0}.Debug|x86.ActiveCfg = Debug|Any CPU
		{E2089C46-E763-4E0F-B348-CE0C126825C0}.Debug|x86.Build.0 = Debug|Any CPU
		{E2089C46-E763-4E0F-B348-CE0C126825C0}.Release|Any CPU.ActiveCfg = Release|Any CPU
		{E2089C46-E763-4E0F-B348-CE0C126825C0}.Release|Any CPU.Build.0 = Release|Any CPU
		{E2089C46-E763-4E0F-B348-CE0C126825C0}.Release|x64.ActiveCfg = Release|Any CPU
		{E2089C46-E763-4E0F-B348-CE0C126825C0}.Release|x64.Build.0 = Release|Any CPU
		{E2089C46-E763-4E0F-B348-CE0C126825C0}.Release|x86.ActiveCfg = Release|Any CPU
		{E2089C46-E763-4E0F-B348-CE0C126825C0}.Release|x86.Build.0 = Release|Any CPU
		{4390ACCD-C763-4A93-8A52-964484D38F41}.Debug|Any CPU.ActiveCfg = Debug|Any CPU
		{4390ACCD-C763-4A93-8A52-964484D38F41}.Debug|Any CPU.Build.0 = Debug|Any CPU
		{4390ACCD-C763-4A93-8A52-964484D38F41}.Debug|x64.ActiveCfg = Debug|Any CPU
		{4390ACCD-C763-4A93-8A52-964484D38F41}.Debug|x64.Build.0 = Debug|Any CPU
		{4390ACCD-C763-4A93-8A52-964484D38F41}.Debug|x86.ActiveCfg = Debug|Any CPU
		{4390ACCD-C763-4A93-8A52-964484D38F41}.Debug|x86.Build.0 = Debug|Any CPU
		{4390ACCD-C763-4A93-8A52-964484D38F41}.Release|Any CPU.ActiveCfg = Release|Any CPU
		{4390ACCD-C763-4A93-8A52-964484D38F41}.Release|Any CPU.Build.0 = Release|Any CPU
		{4390ACCD-C763-4A93-8A52-964484D38F41}.Release|x64.ActiveCfg = Release|Any CPU
		{4390ACCD-C763-4A93-8A52-964484D38F41}.Release|x64.Build.0 = Release|Any CPU
		{4390ACCD-C763-4A93-8A52-964484D38F41}.Release|x86.ActiveCfg = Release|Any CPU
		{4390ACCD-C763-4A93-8A52-964484D38F41}.Release|x86.Build.0 = Release|Any CPU
	EndGlobalSection
	GlobalSection(SolutionProperties) = preSolution
		HideSolutionNode = FALSE
	EndGlobalSection
	GlobalSection(NestedProjects) = preSolution
		{E2089C46-E763-4E0F-B348-CE0C126825C0} = {F8D7CEC9-E8F5-4C79-99B6-9E08EE76E6B9}
		{D8B98221-F1B1-4A39-95B2-8993745FCF7D} = {C9723348-B983-46E8-B473-5BBDCDFF791E}
		{4390ACCD-C763-4A93-8A52-964484D38F41} = {C9723348-B983-46E8-B473-5BBDCDFF791E}
		{50A6E158-F8AC-4858-B3D0-DCF2630066C3} = {C9723348-B983-46E8-B473-5BBDCDFF791E}
	EndGlobalSection
	GlobalSection(ExtensibilityGlobals) = postSolution
		SolutionGuid = {4281D324-96F9-4BE0-87E5-66A67E057FBE}
	EndGlobalSection
EndGlobal
