
Microsoft Visual Studio Solution File, Format Version 12.00
# Visual Studio 15
VisualStudioVersion = 15.0.27130.2027
MinimumVisualStudioVersion = 10.0.40219.1
Project("{2150E333-8FDC-42A3-9474-1A3956D46DE8}") = "library-source", "library-source", "{56123580-99E9-45AC-8300-ABF8EE1D021E}"
EndProject
Project("{2150E333-8FDC-42A3-9474-1A3956D46DE8}") = "Solution Items", "Solution Items", "{455500BC-A21B-4675-BA87-166BA0CD81A0}"
	ProjectSection(SolutionItems) = preProject
		..\..\..\README.md = ..\..\..\README.md
	EndProjectSection
EndProject
Project("{D954291E-2A0B-460D-934E-DC6B0785DB48}") = "Tests.CommonShared", "..\..\Tests.CommonShared\Tests.CommonShared.shproj", "{13AB4AD2-D077-48E0-B6F2-791BC25EB413}"
EndProject
Project("{FAE04EC0-301F-11D3-BF4B-00C04F79EFBC}") = "UnitTests.NUnit", "UnitTests.NUnit\UnitTests.NUnit.csproj", "{04F3D823-ABEA-46DD-9EC2-56C08CA074DB}"
EndProject
Project("{9A19103F-16F7-4668-BE54-9A1E7A4F7556}") = "UnitTests.XUnit", "UnitTests.XUnit\UnitTests.XUnit.csproj", "{9F02C2A3-1007-424C-9B59-2DE1CD8AA093}"
EndProject
Project("{9A19103F-16F7-4668-BE54-9A1E7A4F7556}") = "UnitTests.MSTest", "UnitTests.MSTest\UnitTests.MSTest.csproj", "{DEEE1AF9-3C2B-43E9-A0FC-FD8006354DE3}"
EndProject
Project("{FAE04EC0-301F-11D3-BF4B-00C04F79EFBC}") = "UnitTests.NUnit.XamarinAndroid", "UnitTests.NUnit.XamarinAndroid\UnitTests.NUnit.XamarinAndroid.csproj", "{6144C0CB-53EB-4BFD-B30C-62566C1BE10A}"
EndProject
Project("{FAE04EC0-301F-11D3-BF4B-00C04F79EFBC}") = "UnitTests.NUnit.XamarinIOS", "UnitTests.NUnit.XamarinIOS\UnitTests.NUnit.XamarinIOS.csproj", "{454143FE-45E8-48CE-AE04-71BFB0B413DB}"
EndProject
Project("{2150E333-8FDC-42A3-9474-1A3956D46DE8}") = "externals", "externals", "{3799F198-4FDB-4BFF-811E-D12EEB39D00C}"
EndProject
Project("{D954291E-2A0B-460D-934E-DC6B0785DB48}") = "UnitTests.Common.Utils.Shared", "..\UnitTests.Common.Utils.Shared\UnitTests.Common.Utils.Shared.shproj", "{E390F6DA-9F4B-43A4-8ABF-F9434DF2C70D}"
EndProject
Project("{D954291E-2A0B-460D-934E-DC6B0785DB48}") = "HolisticWare.Core.Linq", "..\..\..\source\HolisticWare.Core.Linq\HolisticWare.Core.Linq.shproj", "{57B0EB28-7B4E-410D-B021-0DC9D719C11F}"
EndProject
Project("{FAE04EC0-301F-11D3-BF4B-00C04F79EFBC}") = "HolisticWare.Core.Linq.NetStandard10", "..\..\..\source\HolisticWare.Core.Linq.NetStandard10\HolisticWare.Core.Linq.NetStandard10.csproj", "{1C1801E9-A10A-49EE-9CA8-0BBF83CB4470}"
EndProject
Global
	GlobalSection(SharedMSBuildProjectFiles) = preSolution
		..\..\externals\Core.Math.Samples\tests\data\HolisticWare.Core.Math.Samples\HolisticWare.Core.Math.Samples.projitems*{04f3d823-abea-46dd-9ec2-56c08ca074db}*SharedItemsImports = 4
		..\Tests.CommonShared\Tests.CommonShared.projitems*{04f3d823-abea-46dd-9ec2-56c08ca074db}*SharedItemsImports = 4
		..\Tests.CommonShared\Tests.CommonShared.projitems*{13ab4ad2-d077-48e0-b6f2-791bc25eb413}*SharedItemsImports = 13
		..\..\externals\Core.Math.Samples\tests\data\HolisticWare.Core.Math.Samples\HolisticWare.Core.Math.Samples.projitems*{454143fe-45e8-48ce-ae04-71bfb0b413db}*SharedItemsImports = 4
		..\Tests.CommonShared\Tests.CommonShared.projitems*{454143fe-45e8-48ce-ae04-71bfb0b413db}*SharedItemsImports = 4
		..\..\externals\Core.Math.Samples\tests\data\HolisticWare.Core.Math.Samples\HolisticWare.Core.Math.Samples.projitems*{6144c0cb-53eb-4bfd-b30c-62566c1be10a}*SharedItemsImports = 4
		..\Tests.CommonShared\Tests.CommonShared.projitems*{6144c0cb-53eb-4bfd-b30c-62566c1be10a}*SharedItemsImports = 4
		..\..\externals\Core.Text\source\HolisticWare.Core.Text\HolisticWare.Core.Text.projitems*{921cfea5-564c-4975-a20f-8cad32ea88e3}*SharedItemsImports = 13
		..\..\source\HolisticWare.Core.Math.Statistics.Descriptive.Sequential\HolisticWare.Core.Math.Statistics.Descriptive.Sequential.projitems*{97322730-7912-4331-8881-df029ef7cdd1}*SharedItemsImports = 13
		..\..\externals\Core.Math.Samples\tests\data\HolisticWare.Core.Math.Samples\HolisticWare.Core.Math.Samples.projitems*{98411f49-ca5e-41c7-81e2-26c9adff255d}*SharedItemsImports = 13
	EndGlobalSection
	GlobalSection(SolutionConfigurationPlatforms) = preSolution
		Debug|Any CPU = Debug|Any CPU
		Debug|iPhone = Debug|iPhone
		Debug|iPhoneSimulator = Debug|iPhoneSimulator
		Release|Any CPU = Release|Any CPU
		Release|iPhone = Release|iPhone
		Release|iPhoneSimulator = Release|iPhoneSimulator
	EndGlobalSection
	GlobalSection(ProjectConfigurationPlatforms) = postSolution
		{04F3D823-ABEA-46DD-9EC2-56C08CA074DB}.Debug|Any CPU.ActiveCfg = Debug|Any CPU
		{04F3D823-ABEA-46DD-9EC2-56C08CA074DB}.Debug|Any CPU.Build.0 = Debug|Any CPU
		{04F3D823-ABEA-46DD-9EC2-56C08CA074DB}.Debug|iPhone.ActiveCfg = Debug|Any CPU
		{04F3D823-ABEA-46DD-9EC2-56C08CA074DB}.Debug|iPhone.Build.0 = Debug|Any CPU
		{04F3D823-ABEA-46DD-9EC2-56C08CA074DB}.Debug|iPhoneSimulator.ActiveCfg = Debug|Any CPU
		{04F3D823-ABEA-46DD-9EC2-56C08CA074DB}.Debug|iPhoneSimulator.Build.0 = Debug|Any CPU
		{04F3D823-ABEA-46DD-9EC2-56C08CA074DB}.Release|Any CPU.ActiveCfg = Release|Any CPU
		{04F3D823-ABEA-46DD-9EC2-56C08CA074DB}.Release|Any CPU.Build.0 = Release|Any CPU
		{04F3D823-ABEA-46DD-9EC2-56C08CA074DB}.Release|iPhone.ActiveCfg = Release|Any CPU
		{04F3D823-ABEA-46DD-9EC2-56C08CA074DB}.Release|iPhone.Build.0 = Release|Any CPU
		{04F3D823-ABEA-46DD-9EC2-56C08CA074DB}.Release|iPhoneSimulator.ActiveCfg = Release|Any CPU
		{04F3D823-ABEA-46DD-9EC2-56C08CA074DB}.Release|iPhoneSimulator.Build.0 = Release|Any CPU
		{9F02C2A3-1007-424C-9B59-2DE1CD8AA093}.Debug|Any CPU.ActiveCfg = Debug|Any CPU
		{9F02C2A3-1007-424C-9B59-2DE1CD8AA093}.Debug|Any CPU.Build.0 = Debug|Any CPU
		{9F02C2A3-1007-424C-9B59-2DE1CD8AA093}.Debug|iPhone.ActiveCfg = Debug|Any CPU
		{9F02C2A3-1007-424C-9B59-2DE1CD8AA093}.Debug|iPhone.Build.0 = Debug|Any CPU
		{9F02C2A3-1007-424C-9B59-2DE1CD8AA093}.Debug|iPhoneSimulator.ActiveCfg = Debug|Any CPU
		{9F02C2A3-1007-424C-9B59-2DE1CD8AA093}.Debug|iPhoneSimulator.Build.0 = Debug|Any CPU
		{9F02C2A3-1007-424C-9B59-2DE1CD8AA093}.Release|Any CPU.ActiveCfg = Release|Any CPU
		{9F02C2A3-1007-424C-9B59-2DE1CD8AA093}.Release|Any CPU.Build.0 = Release|Any CPU
		{9F02C2A3-1007-424C-9B59-2DE1CD8AA093}.Release|iPhone.ActiveCfg = Release|Any CPU
		{9F02C2A3-1007-424C-9B59-2DE1CD8AA093}.Release|iPhone.Build.0 = Release|Any CPU
		{9F02C2A3-1007-424C-9B59-2DE1CD8AA093}.Release|iPhoneSimulator.ActiveCfg = Release|Any CPU
		{9F02C2A3-1007-424C-9B59-2DE1CD8AA093}.Release|iPhoneSimulator.Build.0 = Release|Any CPU
		{DEEE1AF9-3C2B-43E9-A0FC-FD8006354DE3}.Debug|Any CPU.ActiveCfg = Debug|Any CPU
		{DEEE1AF9-3C2B-43E9-A0FC-FD8006354DE3}.Debug|Any CPU.Build.0 = Debug|Any CPU
		{DEEE1AF9-3C2B-43E9-A0FC-FD8006354DE3}.Debug|iPhone.ActiveCfg = Debug|Any CPU
		{DEEE1AF9-3C2B-43E9-A0FC-FD8006354DE3}.Debug|iPhone.Build.0 = Debug|Any CPU
		{DEEE1AF9-3C2B-43E9-A0FC-FD8006354DE3}.Debug|iPhoneSimulator.ActiveCfg = Debug|Any CPU
		{DEEE1AF9-3C2B-43E9-A0FC-FD8006354DE3}.Debug|iPhoneSimulator.Build.0 = Debug|Any CPU
		{DEEE1AF9-3C2B-43E9-A0FC-FD8006354DE3}.Release|Any CPU.ActiveCfg = Release|Any CPU
		{DEEE1AF9-3C2B-43E9-A0FC-FD8006354DE3}.Release|Any CPU.Build.0 = Release|Any CPU
		{DEEE1AF9-3C2B-43E9-A0FC-FD8006354DE3}.Release|iPhone.ActiveCfg = Release|Any CPU
		{DEEE1AF9-3C2B-43E9-A0FC-FD8006354DE3}.Release|iPhone.Build.0 = Release|Any CPU
		{DEEE1AF9-3C2B-43E9-A0FC-FD8006354DE3}.Release|iPhoneSimulator.ActiveCfg = Release|Any CPU
		{DEEE1AF9-3C2B-43E9-A0FC-FD8006354DE3}.Release|iPhoneSimulator.Build.0 = Release|Any CPU
		{6144C0CB-53EB-4BFD-B30C-62566C1BE10A}.Debug|Any CPU.ActiveCfg = Debug|Any CPU
		{6144C0CB-53EB-4BFD-B30C-62566C1BE10A}.Debug|Any CPU.Build.0 = Debug|Any CPU
		{6144C0CB-53EB-4BFD-B30C-62566C1BE10A}.Debug|iPhone.ActiveCfg = Debug|Any CPU
		{6144C0CB-53EB-4BFD-B30C-62566C1BE10A}.Debug|iPhone.Build.0 = Debug|Any CPU
		{6144C0CB-53EB-4BFD-B30C-62566C1BE10A}.Debug|iPhoneSimulator.ActiveCfg = Debug|Any CPU
		{6144C0CB-53EB-4BFD-B30C-62566C1BE10A}.Debug|iPhoneSimulator.Build.0 = Debug|Any CPU
		{6144C0CB-53EB-4BFD-B30C-62566C1BE10A}.Release|Any CPU.ActiveCfg = Release|Any CPU
		{6144C0CB-53EB-4BFD-B30C-62566C1BE10A}.Release|Any CPU.Build.0 = Release|Any CPU
		{6144C0CB-53EB-4BFD-B30C-62566C1BE10A}.Release|iPhone.ActiveCfg = Release|Any CPU
		{6144C0CB-53EB-4BFD-B30C-62566C1BE10A}.Release|iPhone.Build.0 = Release|Any CPU
		{6144C0CB-53EB-4BFD-B30C-62566C1BE10A}.Release|iPhoneSimulator.ActiveCfg = Release|Any CPU
		{6144C0CB-53EB-4BFD-B30C-62566C1BE10A}.Release|iPhoneSimulator.Build.0 = Release|Any CPU
		{454143FE-45E8-48CE-AE04-71BFB0B413DB}.Debug|Any CPU.ActiveCfg = Debug|iPhoneSimulator
		{454143FE-45E8-48CE-AE04-71BFB0B413DB}.Debug|Any CPU.Build.0 = Debug|iPhoneSimulator
		{454143FE-45E8-48CE-AE04-71BFB0B413DB}.Debug|iPhone.ActiveCfg = Debug|iPhone
		{454143FE-45E8-48CE-AE04-71BFB0B413DB}.Debug|iPhone.Build.0 = Debug|iPhone
		{454143FE-45E8-48CE-AE04-71BFB0B413DB}.Debug|iPhoneSimulator.ActiveCfg = Debug|iPhoneSimulator
		{454143FE-45E8-48CE-AE04-71BFB0B413DB}.Debug|iPhoneSimulator.Build.0 = Debug|iPhoneSimulator
		{454143FE-45E8-48CE-AE04-71BFB0B413DB}.Release|Any CPU.ActiveCfg = Release|iPhone
		{454143FE-45E8-48CE-AE04-71BFB0B413DB}.Release|Any CPU.Build.0 = Release|iPhone
		{454143FE-45E8-48CE-AE04-71BFB0B413DB}.Release|iPhone.ActiveCfg = Release|iPhone
		{454143FE-45E8-48CE-AE04-71BFB0B413DB}.Release|iPhone.Build.0 = Release|iPhone
		{454143FE-45E8-48CE-AE04-71BFB0B413DB}.Release|iPhoneSimulator.ActiveCfg = Release|iPhoneSimulator
		{454143FE-45E8-48CE-AE04-71BFB0B413DB}.Release|iPhoneSimulator.Build.0 = Release|iPhoneSimulator
		{5B8DBA01-2E5F-457A-9895-A9A4759D1D43}.Debug|Any CPU.ActiveCfg = Debug|Any CPU
		{5B8DBA01-2E5F-457A-9895-A9A4759D1D43}.Debug|Any CPU.Build.0 = Debug|Any CPU
		{5B8DBA01-2E5F-457A-9895-A9A4759D1D43}.Debug|iPhone.ActiveCfg = Debug|Any CPU
		{5B8DBA01-2E5F-457A-9895-A9A4759D1D43}.Debug|iPhone.Build.0 = Debug|Any CPU
		{5B8DBA01-2E5F-457A-9895-A9A4759D1D43}.Debug|iPhoneSimulator.ActiveCfg = Debug|Any CPU
		{5B8DBA01-2E5F-457A-9895-A9A4759D1D43}.Debug|iPhoneSimulator.Build.0 = Debug|Any CPU
		{5B8DBA01-2E5F-457A-9895-A9A4759D1D43}.Release|Any CPU.ActiveCfg = Release|Any CPU
		{5B8DBA01-2E5F-457A-9895-A9A4759D1D43}.Release|Any CPU.Build.0 = Release|Any CPU
		{5B8DBA01-2E5F-457A-9895-A9A4759D1D43}.Release|iPhone.ActiveCfg = Release|Any CPU
		{5B8DBA01-2E5F-457A-9895-A9A4759D1D43}.Release|iPhone.Build.0 = Release|Any CPU
		{5B8DBA01-2E5F-457A-9895-A9A4759D1D43}.Release|iPhoneSimulator.ActiveCfg = Release|Any CPU
		{5B8DBA01-2E5F-457A-9895-A9A4759D1D43}.Release|iPhoneSimulator.Build.0 = Release|Any CPU
		{18C2D1F9-A0F6-4A04-9CFF-DF984242395B}.Debug|Any CPU.ActiveCfg = Debug|Any CPU
		{18C2D1F9-A0F6-4A04-9CFF-DF984242395B}.Debug|Any CPU.Build.0 = Debug|Any CPU
		{18C2D1F9-A0F6-4A04-9CFF-DF984242395B}.Debug|iPhone.ActiveCfg = Debug|Any CPU
		{18C2D1F9-A0F6-4A04-9CFF-DF984242395B}.Debug|iPhone.Build.0 = Debug|Any CPU
		{18C2D1F9-A0F6-4A04-9CFF-DF984242395B}.Debug|iPhoneSimulator.ActiveCfg = Debug|Any CPU
		{18C2D1F9-A0F6-4A04-9CFF-DF984242395B}.Debug|iPhoneSimulator.Build.0 = Debug|Any CPU
		{18C2D1F9-A0F6-4A04-9CFF-DF984242395B}.Release|Any CPU.ActiveCfg = Release|Any CPU
		{18C2D1F9-A0F6-4A04-9CFF-DF984242395B}.Release|Any CPU.Build.0 = Release|Any CPU
		{18C2D1F9-A0F6-4A04-9CFF-DF984242395B}.Release|iPhone.ActiveCfg = Release|Any CPU
		{18C2D1F9-A0F6-4A04-9CFF-DF984242395B}.Release|iPhone.Build.0 = Release|Any CPU
		{18C2D1F9-A0F6-4A04-9CFF-DF984242395B}.Release|iPhoneSimulator.ActiveCfg = Release|Any CPU
		{18C2D1F9-A0F6-4A04-9CFF-DF984242395B}.Release|iPhoneSimulator.Build.0 = Release|Any CPU
		{DEFACBA9-2E24-46BD-B3E0-EFF602FA05DC}.Debug|Any CPU.ActiveCfg = Debug|Any CPU
		{DEFACBA9-2E24-46BD-B3E0-EFF602FA05DC}.Debug|Any CPU.Build.0 = Debug|Any CPU
		{DEFACBA9-2E24-46BD-B3E0-EFF602FA05DC}.Debug|iPhone.ActiveCfg = Debug|Any CPU
		{DEFACBA9-2E24-46BD-B3E0-EFF602FA05DC}.Debug|iPhone.Build.0 = Debug|Any CPU
		{DEFACBA9-2E24-46BD-B3E0-EFF602FA05DC}.Debug|iPhoneSimulator.ActiveCfg = Debug|Any CPU
		{DEFACBA9-2E24-46BD-B3E0-EFF602FA05DC}.Debug|iPhoneSimulator.Build.0 = Debug|Any CPU
		{DEFACBA9-2E24-46BD-B3E0-EFF602FA05DC}.Release|Any CPU.ActiveCfg = Release|Any CPU
		{DEFACBA9-2E24-46BD-B3E0-EFF602FA05DC}.Release|Any CPU.Build.0 = Release|Any CPU
		{DEFACBA9-2E24-46BD-B3E0-EFF602FA05DC}.Release|iPhone.ActiveCfg = Release|Any CPU
		{DEFACBA9-2E24-46BD-B3E0-EFF602FA05DC}.Release|iPhone.Build.0 = Release|Any CPU
		{DEFACBA9-2E24-46BD-B3E0-EFF602FA05DC}.Release|iPhoneSimulator.ActiveCfg = Release|Any CPU
		{DEFACBA9-2E24-46BD-B3E0-EFF602FA05DC}.Release|iPhoneSimulator.Build.0 = Release|Any CPU
		{B7852FC5-D06E-4A47-B19B-B695E6BF17C8}.Debug|Any CPU.ActiveCfg = Debug|Any CPU
		{B7852FC5-D06E-4A47-B19B-B695E6BF17C8}.Debug|Any CPU.Build.0 = Debug|Any CPU
		{B7852FC5-D06E-4A47-B19B-B695E6BF17C8}.Debug|iPhone.ActiveCfg = Debug|Any CPU
		{B7852FC5-D06E-4A47-B19B-B695E6BF17C8}.Debug|iPhone.Build.0 = Debug|Any CPU
		{B7852FC5-D06E-4A47-B19B-B695E6BF17C8}.Debug|iPhoneSimulator.ActiveCfg = Debug|Any CPU
		{B7852FC5-D06E-4A47-B19B-B695E6BF17C8}.Debug|iPhoneSimulator.Build.0 = Debug|Any CPU
		{B7852FC5-D06E-4A47-B19B-B695E6BF17C8}.Release|Any CPU.ActiveCfg = Release|Any CPU
		{B7852FC5-D06E-4A47-B19B-B695E6BF17C8}.Release|Any CPU.Build.0 = Release|Any CPU
		{B7852FC5-D06E-4A47-B19B-B695E6BF17C8}.Release|iPhone.ActiveCfg = Release|Any CPU
		{B7852FC5-D06E-4A47-B19B-B695E6BF17C8}.Release|iPhone.Build.0 = Release|Any CPU
		{B7852FC5-D06E-4A47-B19B-B695E6BF17C8}.Release|iPhoneSimulator.ActiveCfg = Release|Any CPU
		{B7852FC5-D06E-4A47-B19B-B695E6BF17C8}.Release|iPhoneSimulator.Build.0 = Release|Any CPU
		{74AFF2E3-3E45-4DF3-8A94-678D13B4A29B}.Debug|Any CPU.ActiveCfg = Debug|Any CPU
		{74AFF2E3-3E45-4DF3-8A94-678D13B4A29B}.Debug|Any CPU.Build.0 = Debug|Any CPU
		{74AFF2E3-3E45-4DF3-8A94-678D13B4A29B}.Debug|iPhone.ActiveCfg = Debug|Any CPU
		{74AFF2E3-3E45-4DF3-8A94-678D13B4A29B}.Debug|iPhone.Build.0 = Debug|Any CPU
		{74AFF2E3-3E45-4DF3-8A94-678D13B4A29B}.Debug|iPhoneSimulator.ActiveCfg = Debug|Any CPU
		{74AFF2E3-3E45-4DF3-8A94-678D13B4A29B}.Debug|iPhoneSimulator.Build.0 = Debug|Any CPU
		{74AFF2E3-3E45-4DF3-8A94-678D13B4A29B}.Release|Any CPU.ActiveCfg = Release|Any CPU
		{74AFF2E3-3E45-4DF3-8A94-678D13B4A29B}.Release|Any CPU.Build.0 = Release|Any CPU
		{74AFF2E3-3E45-4DF3-8A94-678D13B4A29B}.Release|iPhone.ActiveCfg = Release|Any CPU
		{74AFF2E3-3E45-4DF3-8A94-678D13B4A29B}.Release|iPhone.Build.0 = Release|Any CPU
		{74AFF2E3-3E45-4DF3-8A94-678D13B4A29B}.Release|iPhoneSimulator.ActiveCfg = Release|Any CPU
		{74AFF2E3-3E45-4DF3-8A94-678D13B4A29B}.Release|iPhoneSimulator.Build.0 = Release|Any CPU
		{0C54645E-1C9B-4A21-B39C-2370F2F6E9D6}.Debug|Any CPU.ActiveCfg = Debug|Any CPU
		{0C54645E-1C9B-4A21-B39C-2370F2F6E9D6}.Debug|Any CPU.Build.0 = Debug|Any CPU
		{0C54645E-1C9B-4A21-B39C-2370F2F6E9D6}.Debug|iPhone.ActiveCfg = Debug|Any CPU
		{0C54645E-1C9B-4A21-B39C-2370F2F6E9D6}.Debug|iPhone.Build.0 = Debug|Any CPU
		{0C54645E-1C9B-4A21-B39C-2370F2F6E9D6}.Debug|iPhoneSimulator.ActiveCfg = Debug|Any CPU
		{0C54645E-1C9B-4A21-B39C-2370F2F6E9D6}.Debug|iPhoneSimulator.Build.0 = Debug|Any CPU
		{0C54645E-1C9B-4A21-B39C-2370F2F6E9D6}.Release|Any CPU.ActiveCfg = Release|Any CPU
		{0C54645E-1C9B-4A21-B39C-2370F2F6E9D6}.Release|Any CPU.Build.0 = Release|Any CPU
		{0C54645E-1C9B-4A21-B39C-2370F2F6E9D6}.Release|iPhone.ActiveCfg = Release|Any CPU
		{0C54645E-1C9B-4A21-B39C-2370F2F6E9D6}.Release|iPhone.Build.0 = Release|Any CPU
		{0C54645E-1C9B-4A21-B39C-2370F2F6E9D6}.Release|iPhoneSimulator.ActiveCfg = Release|Any CPU
		{0C54645E-1C9B-4A21-B39C-2370F2F6E9D6}.Release|iPhoneSimulator.Build.0 = Release|Any CPU
		{F9E03430-A1C5-40DD-914F-4190E1D14E80}.Debug|Any CPU.ActiveCfg = Debug|Any CPU
		{F9E03430-A1C5-40DD-914F-4190E1D14E80}.Debug|Any CPU.Build.0 = Debug|Any CPU
		{F9E03430-A1C5-40DD-914F-4190E1D14E80}.Debug|iPhone.ActiveCfg = Debug|Any CPU
		{F9E03430-A1C5-40DD-914F-4190E1D14E80}.Debug|iPhone.Build.0 = Debug|Any CPU
		{F9E03430-A1C5-40DD-914F-4190E1D14E80}.Debug|iPhoneSimulator.ActiveCfg = Debug|Any CPU
		{F9E03430-A1C5-40DD-914F-4190E1D14E80}.Debug|iPhoneSimulator.Build.0 = Debug|Any CPU
		{F9E03430-A1C5-40DD-914F-4190E1D14E80}.Release|Any CPU.ActiveCfg = Release|Any CPU
		{F9E03430-A1C5-40DD-914F-4190E1D14E80}.Release|Any CPU.Build.0 = Release|Any CPU
		{F9E03430-A1C5-40DD-914F-4190E1D14E80}.Release|iPhone.ActiveCfg = Release|Any CPU
		{F9E03430-A1C5-40DD-914F-4190E1D14E80}.Release|iPhone.Build.0 = Release|Any CPU
		{F9E03430-A1C5-40DD-914F-4190E1D14E80}.Release|iPhoneSimulator.ActiveCfg = Release|Any CPU
		{F9E03430-A1C5-40DD-914F-4190E1D14E80}.Release|iPhoneSimulator.Build.0 = Release|Any CPU
		{CED64EAD-C84D-4684-82D5-6B5A4C010A44}.Debug|Any CPU.ActiveCfg = Debug|Any CPU
		{CED64EAD-C84D-4684-82D5-6B5A4C010A44}.Debug|Any CPU.Build.0 = Debug|Any CPU
		{CED64EAD-C84D-4684-82D5-6B5A4C010A44}.Debug|iPhone.ActiveCfg = Debug|Any CPU
		{CED64EAD-C84D-4684-82D5-6B5A4C010A44}.Debug|iPhone.Build.0 = Debug|Any CPU
		{CED64EAD-C84D-4684-82D5-6B5A4C010A44}.Debug|iPhoneSimulator.ActiveCfg = Debug|Any CPU
		{CED64EAD-C84D-4684-82D5-6B5A4C010A44}.Debug|iPhoneSimulator.Build.0 = Debug|Any CPU
		{CED64EAD-C84D-4684-82D5-6B5A4C010A44}.Release|Any CPU.ActiveCfg = Release|Any CPU
		{CED64EAD-C84D-4684-82D5-6B5A4C010A44}.Release|Any CPU.Build.0 = Release|Any CPU
		{CED64EAD-C84D-4684-82D5-6B5A4C010A44}.Release|iPhone.ActiveCfg = Release|Any CPU
		{CED64EAD-C84D-4684-82D5-6B5A4C010A44}.Release|iPhone.Build.0 = Release|Any CPU
		{CED64EAD-C84D-4684-82D5-6B5A4C010A44}.Release|iPhoneSimulator.ActiveCfg = Release|Any CPU
		{CED64EAD-C84D-4684-82D5-6B5A4C010A44}.Release|iPhoneSimulator.Build.0 = Release|Any CPU
		{77693571-4115-4F66-BDA5-E198F6EE5DF8}.Debug|Any CPU.ActiveCfg = Debug|Any CPU
		{77693571-4115-4F66-BDA5-E198F6EE5DF8}.Debug|Any CPU.Build.0 = Debug|Any CPU
		{77693571-4115-4F66-BDA5-E198F6EE5DF8}.Debug|iPhone.ActiveCfg = Debug|Any CPU
		{77693571-4115-4F66-BDA5-E198F6EE5DF8}.Debug|iPhone.Build.0 = Debug|Any CPU
		{77693571-4115-4F66-BDA5-E198F6EE5DF8}.Debug|iPhoneSimulator.ActiveCfg = Debug|Any CPU
		{77693571-4115-4F66-BDA5-E198F6EE5DF8}.Debug|iPhoneSimulator.Build.0 = Debug|Any CPU
		{77693571-4115-4F66-BDA5-E198F6EE5DF8}.Release|Any CPU.ActiveCfg = Release|Any CPU
		{77693571-4115-4F66-BDA5-E198F6EE5DF8}.Release|Any CPU.Build.0 = Release|Any CPU
		{77693571-4115-4F66-BDA5-E198F6EE5DF8}.Release|iPhone.ActiveCfg = Release|Any CPU
		{77693571-4115-4F66-BDA5-E198F6EE5DF8}.Release|iPhone.Build.0 = Release|Any CPU
		{77693571-4115-4F66-BDA5-E198F6EE5DF8}.Release|iPhoneSimulator.ActiveCfg = Release|Any CPU
		{77693571-4115-4F66-BDA5-E198F6EE5DF8}.Release|iPhoneSimulator.Build.0 = Release|Any CPU
		{1C1801E9-A10A-49EE-9CA8-0BBF83CB4470}.Debug|Any CPU.ActiveCfg = Debug|Any CPU
		{1C1801E9-A10A-49EE-9CA8-0BBF83CB4470}.Debug|Any CPU.Build.0 = Debug|Any CPU
		{1C1801E9-A10A-49EE-9CA8-0BBF83CB4470}.Debug|iPhone.ActiveCfg = Debug|Any CPU
		{1C1801E9-A10A-49EE-9CA8-0BBF83CB4470}.Debug|iPhone.Build.0 = Debug|Any CPU
		{1C1801E9-A10A-49EE-9CA8-0BBF83CB4470}.Debug|iPhoneSimulator.ActiveCfg = Debug|Any CPU
		{1C1801E9-A10A-49EE-9CA8-0BBF83CB4470}.Debug|iPhoneSimulator.Build.0 = Debug|Any CPU
		{1C1801E9-A10A-49EE-9CA8-0BBF83CB4470}.Release|Any CPU.ActiveCfg = Release|Any CPU
		{1C1801E9-A10A-49EE-9CA8-0BBF83CB4470}.Release|Any CPU.Build.0 = Release|Any CPU
		{1C1801E9-A10A-49EE-9CA8-0BBF83CB4470}.Release|iPhone.ActiveCfg = Release|Any CPU
		{1C1801E9-A10A-49EE-9CA8-0BBF83CB4470}.Release|iPhone.Build.0 = Release|Any CPU
		{1C1801E9-A10A-49EE-9CA8-0BBF83CB4470}.Release|iPhoneSimulator.ActiveCfg = Release|Any CPU
		{1C1801E9-A10A-49EE-9CA8-0BBF83CB4470}.Release|iPhoneSimulator.Build.0 = Release|Any CPU
	EndGlobalSection
	GlobalSection(SolutionProperties) = preSolution
		HideSolutionNode = FALSE
	EndGlobalSection
	GlobalSection(NestedProjects) = preSolution
		{69B20DD6-58F6-4701-B081-9B09E8B697D3} = {3799F198-4FDB-4BFF-811E-D12EEB39D00C}
		{455500BC-A21B-4675-BA87-166BA0CD81A0} = {56123580-99E9-45AC-8300-ABF8EE1D021E}
		{921CFEA5-564C-4975-A20F-8CAD32EA88E3} = {3799F198-4FDB-4BFF-811E-D12EEB39D00C}
		{5B8DBA01-2E5F-457A-9895-A9A4759D1D43} = {3799F198-4FDB-4BFF-811E-D12EEB39D00C}
		{18C2D1F9-A0F6-4A04-9CFF-DF984242395B} = {3799F198-4FDB-4BFF-811E-D12EEB39D00C}
		{DEFACBA9-2E24-46BD-B3E0-EFF602FA05DC} = {56123580-99E9-45AC-8300-ABF8EE1D021E}
		{B7852FC5-D06E-4A47-B19B-B695E6BF17C8} = {56123580-99E9-45AC-8300-ABF8EE1D021E}
		{97322730-7912-4331-8881-DF029EF7CDD1} = {56123580-99E9-45AC-8300-ABF8EE1D021E}
		{74AFF2E3-3E45-4DF3-8A94-678D13B4A29B} = {56123580-99E9-45AC-8300-ABF8EE1D021E}
		{0C54645E-1C9B-4A21-B39C-2370F2F6E9D6} = {56123580-99E9-45AC-8300-ABF8EE1D021E}
		{F9E03430-A1C5-40DD-914F-4190E1D14E80} = {56123580-99E9-45AC-8300-ABF8EE1D021E}
		{CED64EAD-C84D-4684-82D5-6B5A4C010A44} = {56123580-99E9-45AC-8300-ABF8EE1D021E}
		{77693571-4115-4F66-BDA5-E198F6EE5DF8} = {69B20DD6-58F6-4701-B081-9B09E8B697D3}
		{57B0EB28-7B4E-410D-B021-0DC9D719C11F} = {56123580-99E9-45AC-8300-ABF8EE1D021E}
		{1C1801E9-A10A-49EE-9CA8-0BBF83CB4470} = {56123580-99E9-45AC-8300-ABF8EE1D021E}
	EndGlobalSection
	GlobalSection(ExtensibilityGlobals) = postSolution
		SolutionGuid = {440F697D-77CA-4EA5-9C13-585B4998A64A}
	EndGlobalSection
EndGlobal
